Microsoft Visual Studio Solution File, Format Version 12.00
# Visual Studio Version 17
VisualStudioVersion = 17.5.2.0
MinimumVisualStudioVersion = 10.0.40219.1
Project("{2150E333-8FDC-42A3-9474-1A3956D46DE8}") = "SmartReceipts.NET - ExpenseManager", "SmartReceipts.NET - ExpenseManager", "{A239F5A2-9E3D-B141-CF5C-047B1F88C409}"
EndProject
Project("{FAE04EC0-301F-11D3-BF4B-00C04F79EFBC}") = "SmartReceipts.NET", "SmartReceipts.NET - ExpenseManager\SmartReceipts.NET.csproj", "{81AF96FF-FB80-AA7A-14B1-E14A64B2F0E2}"
EndProject
Global
	GlobalSection(SolutionConfigurationPlatforms) = preSolution
		Debug|Any CPU = Debug|Any CPU
		Release|Any CPU = Release|Any CPU
	EndGlobalSection
	GlobalSection(ProjectConfigurationPlatforms) = postSolution
		{81AF96FF-FB80-AA7A-14B1-E14A64B2F0E2}.Debug|Any CPU.ActiveCfg = Debug|Any CPU
		{81AF96FF-FB80-AA7A-14B1-E14A64B2F0E2}.Debug|Any CPU.Build.0 = Debug|Any CPU
		{81AF96FF-FB80-AA7A-14B1-E14A64B2F0E2}.Release|Any CPU.ActiveCfg = Release|Any CPU
		{81AF96FF-FB80-AA7A-14B1-E14A64B2F0E2}.Release|Any CPU.Build.0 = Release|Any CPU
	EndGlobalSection
	GlobalSection(SolutionProperties) = preSolution
		HideSolutionNode = FALSE
	EndGlobalSection
	GlobalSection(NestedProjects) = preSolution
		{81AF96FF-FB80-AA7A-14B1-E14A64B2F0E2} = {A239F5A2-9E3D-B141-CF5C-047B1F88C409}
	EndGlobalSection
	GlobalSection(ExtensibilityGlobals) = postSolution
		SolutionGuid = {94C9C606-8663-4E68-940B-4AC18DDA8001}
	EndGlobalSection
EndGlobal
